{
  "meteor": {},
  "dependencies": {
    "basePackages": {
      "mocha-web": {}
    },
    "packages": {
      "mocha-web": {
        "git": "https://github.com/mad-eye/meteor-mocha-web.git",
        "tag": "v0.2.3",
        "commit": "5a681e206ad455d29a0e445caedc7bb1cbc12f47"
      }
    }
  }
}
